
Microsoft Visual Studio Solution File, Format Version 12.00
# Visual Studio Version 16
VisualStudioVersion = 16.0.32126.315
MinimumVisualStudioVersion = 10.0.40219.1
Project("{FAE04EC0-301F-11D3-BF4B-00C04F79EFBC}") = "FinalMission7", "FinalMission7\FinalMission7.csproj", "{1070FB34-721B-4EB7-8F28-B35FC022202D}"
EndProject
Global
	GlobalSection(SolutionConfigurationPlatforms) = preSolution
		Debug|Any CPU = Debug|Any CPU
		Release|Any CPU = Release|Any CPU
	EndGlobalSection
	GlobalSection(ProjectConfigurationPlatforms) = postSolution
		{1070FB34-721B-4EB7-8F28-B35FC022202D}.Debug|Any CPU.ActiveCfg = Debug|Any CPU
		{1070FB34-721B-4EB7-8F28-B35FC022202D}.Debug|Any CPU.Build.0 = Debug|Any CPU
		{1070FB34-721B-4EB7-8F28-B35FC022202D}.Release|Any CPU.ActiveCfg = Release|Any CPU
		{1070FB34-721B-4EB7-8F28-B35FC022202D}.Release|Any CPU.Build.0 = Release|Any CPU
	EndGlobalSection
	GlobalSection(SolutionProperties) = preSolution
		HideSolutionNode = FALSE
	EndGlobalSection
	GlobalSection(ExtensibilityGlobals) = postSolution
		SolutionGuid = {A087A439-BF3F-4411-B0C1-5FED17DA8056}
	EndGlobalSection
EndGlobal
